
Microsoft Visual Studio Solution File, Format Version 12.00
# Visual Studio Version 16
VisualStudioVersion = 16.0.29806.167
MinimumVisualStudioVersion = 10.0.40219.1
Project("{FAE04EC0-301F-11D3-BF4B-00C04F79EFBC}") = "AA21_Mohsen", "AA21_Mohsen\AA21_Mohsen.csproj", "{7C988370-7810-4E64-96FA-3E6D0037F9B0}"
EndProject
Global
	GlobalSection(SolutionConfigurationPlatforms) = preSolution
		Debug|Any CPU = Debug|Any CPU
		Release|Any CPU = Release|Any CPU
	EndGlobalSection
	GlobalSection(ProjectConfigurationPlatforms) = postSolution
		{7C988370-7810-4E64-96FA-3E6D0037F9B0}.Debug|Any CPU.ActiveCfg = Debug|Any CPU
		{7C988370-7810-4E64-96FA-3E6D0037F9B0}.Debug|Any CPU.Build.0 = Debug|Any CPU
		{7C988370-7810-4E64-96FA-3E6D0037F9B0}.Release|Any CPU.ActiveCfg = Release|Any CPU
		{7C988370-7810-4E64-96FA-3E6D0037F9B0}.Release|Any CPU.Build.0 = Release|Any CPU
	EndGlobalSection
	GlobalSection(SolutionProperties) = preSolution
		HideSolutionNode = FALSE
	EndGlobalSection
	GlobalSection(ExtensibilityGlobals) = postSolution
		SolutionGuid = {9E163F4D-2C3D-4570-9562-E907E0E12FF3}
	EndGlobalSection
EndGlobal
